
Microsoft Visual Studio Solution File, Format Version 12.00
# Visual Studio 14
VisualStudioVersion = 14.0.24720.0
MinimumVisualStudioVersion = 10.0.40219.1
Project("{FAE04EC0-301F-11D3-BF4B-00C04F79EFBC}") = "AvalOpe", "AvalOpe\AvalOpe.csproj", "{547E1567-3678-4462-A188-C97CA9A4243F}"
EndProject
Project("{FAE04EC0-301F-11D3-BF4B-00C04F79EFBC}") = "OpenFile", "OpenFile\OpenFile.csproj", "{D1FD571B-6D5A-4201-A4A0-1BC5877ED62A}"
EndProject
Global
	GlobalSection(SolutionConfigurationPlatforms) = preSolution
		Debug|Any CPU = Debug|Any CPU
		Release|Any CPU = Release|Any CPU
	EndGlobalSection
	GlobalSection(ProjectConfigurationPlatforms) = postSolution
		{547E1567-3678-4462-A188-C97CA9A4243F}.Debug|Any CPU.ActiveCfg = Debug|Any CPU
		{547E1567-3678-4462-A188-C97CA9A4243F}.Debug|Any CPU.Build.0 = Debug|Any CPU
		{547E1567-3678-4462-A188-C97CA9A4243F}.Release|Any CPU.ActiveCfg = Release|Any CPU
		{547E1567-3678-4462-A188-C97CA9A4243F}.Release|Any CPU.Build.0 = Release|Any CPU
		{D1FD571B-6D5A-4201-A4A0-1BC5877ED62A}.Debug|Any CPU.ActiveCfg = Debug|Any CPU
		{D1FD571B-6D5A-4201-A4A0-1BC5877ED62A}.Debug|Any CPU.Build.0 = Debug|Any CPU
		{D1FD571B-6D5A-4201-A4A0-1BC5877ED62A}.Release|Any CPU.ActiveCfg = Release|Any CPU
		{D1FD571B-6D5A-4201-A4A0-1BC5877ED62A}.Release|Any CPU.Build.0 = Release|Any CPU
	EndGlobalSection
	GlobalSection(SolutionProperties) = preSolution
		HideSolutionNode = FALSE
	EndGlobalSection
EndGlobal
